
Microsoft Visual Studio Solution File, Format Version 9.00
# Visual C++ Express 2005
Project("{8BC9CEB8-8B4A-11D0-8D11-00A0C91BC942}") = "bbt", "bbt.vcproj", "{6D7EBD0E-6721-4590-A3A1-C085CDC3FE2E}"
	ProjectSection(ProjectDependencies) = postProject
		{C8F6C172-56F2-4E76-B5FA-C3B423B31BE8} = {C8F6C172-56F2-4E76-B5FA-C3B423B31BE8}
	EndProjectSection
EndProject
Project("{8BC9CEB8-8B4A-11D0-8D11-00A0C91BC942}") = "gtest-md", "test\gtest-1.6.0\msvc\gtest-md.vcproj", "{C8F6C172-56F2-4E76-B5FA-C3B423B31BE8}"
EndProject
Global
	GlobalSection(SolutionConfigurationPlatforms) = preSolution
		Debug|Win32 = Debug|Win32
		Release|Win32 = Release|Win32
		Unittest_Release|Win32 = Unittest_Release|Win32
		Unittest|Win32 = Unittest|Win32
	EndGlobalSection
	GlobalSection(ProjectConfigurationPlatforms) = postSolution
		{6D7EBD0E-6721-4590-A3A1-C085CDC3FE2E}.Debug|Win32.ActiveCfg = Debug|Win32
		{6D7EBD0E-6721-4590-A3A1-C085CDC3FE2E}.Debug|Win32.Build.0 = Debug|Win32
		{6D7EBD0E-6721-4590-A3A1-C085CDC3FE2E}.Release|Win32.ActiveCfg = Release|Win32
		{6D7EBD0E-6721-4590-A3A1-C085CDC3FE2E}.Release|Win32.Build.0 = Release|Win32
		{6D7EBD0E-6721-4590-A3A1-C085CDC3FE2E}.Unittest_Release|Win32.ActiveCfg = Unittest_Release|Win32
		{6D7EBD0E-6721-4590-A3A1-C085CDC3FE2E}.Unittest_Release|Win32.Build.0 = Unittest_Release|Win32
		{6D7EBD0E-6721-4590-A3A1-C085CDC3FE2E}.Unittest|Win32.ActiveCfg = Unittest|Win32
		{6D7EBD0E-6721-4590-A3A1-C085CDC3FE2E}.Unittest|Win32.Build.0 = Unittest|Win32
		{C8F6C172-56F2-4E76-B5FA-C3B423B31BE8}.Debug|Win32.ActiveCfg = Debug|Win32
		{C8F6C172-56F2-4E76-B5FA-C3B423B31BE8}.Debug|Win32.Build.0 = Debug|Win32
		{C8F6C172-56F2-4E76-B5FA-C3B423B31BE8}.Release|Win32.ActiveCfg = Release|Win32
		{C8F6C172-56F2-4E76-B5FA-C3B423B31BE8}.Release|Win32.Build.0 = Release|Win32
		{C8F6C172-56F2-4E76-B5FA-C3B423B31BE8}.Unittest_Release|Win32.ActiveCfg = Release|Win32
		{C8F6C172-56F2-4E76-B5FA-C3B423B31BE8}.Unittest_Release|Win32.Build.0 = Release|Win32
		{C8F6C172-56F2-4E76-B5FA-C3B423B31BE8}.Unittest|Win32.ActiveCfg = Release|Win32
		{C8F6C172-56F2-4E76-B5FA-C3B423B31BE8}.Unittest|Win32.Build.0 = Release|Win32
	EndGlobalSection
	GlobalSection(SolutionProperties) = preSolution
		HideSolutionNode = FALSE
	EndGlobalSection
EndGlobal
